
Microsoft Visual Studio Solution File, Format Version 12.00
# Visual Studio Version 17
VisualStudioVersion = 17.0.31912.275
MinimumVisualStudioVersion = 10.0.40219.1
Project("{9A19103F-16F7-4668-BE54-9A1E7A4F7556}") = "Trailblazor.Server", "src\Server\Trailblazor.Server.csproj", "{888E4B77-22B5-477F-BCBD-3AAB2166BD3E}"
EndProject
Project("{9A19103F-16F7-4668-BE54-9A1E7A4F7556}") = "Trailblazor.Client", "src\Client\Trailblazor.Client.csproj", "{98D7D50A-0009-47B0-A438-BBB0BA22C526}"
EndProject
Project("{9A19103F-16F7-4668-BE54-9A1E7A4F7556}") = "Trailblazor.Shared", "src\Shared\Trailblazor.Shared.csproj", "{9C0EECD9-32E1-4E2A-A26B-C2EBA37254FE}"
EndProject
Project("{FAE04EC0-301F-11D3-BF4B-00C04F79EFBC}") = "Trailblazor.UnitTests", "Trailblazor.UnitTests\Trailblazor.UnitTests.csproj", "{7BE99A19-23F1-43F0-8286-3A1C5FCC9E4D}"
EndProject
Global
	GlobalSection(SolutionConfigurationPlatforms) = preSolution
		Debug|Any CPU = Debug|Any CPU
		Release|Any CPU = Release|Any CPU
	EndGlobalSection
	GlobalSection(ProjectConfigurationPlatforms) = postSolution
		{888E4B77-22B5-477F-BCBD-3AAB2166BD3E}.Debug|Any CPU.ActiveCfg = Debug|Any CPU
		{888E4B77-22B5-477F-BCBD-3AAB2166BD3E}.Debug|Any CPU.Build.0 = Debug|Any CPU
		{888E4B77-22B5-477F-BCBD-3AAB2166BD3E}.Release|Any CPU.ActiveCfg = Release|Any CPU
		{888E4B77-22B5-477F-BCBD-3AAB2166BD3E}.Release|Any CPU.Build.0 = Release|Any CPU
		{98D7D50A-0009-47B0-A438-BBB0BA22C526}.Debug|Any CPU.ActiveCfg = Debug|Any CPU
		{98D7D50A-0009-47B0-A438-BBB0BA22C526}.Debug|Any CPU.Build.0 = Debug|Any CPU
		{98D7D50A-0009-47B0-A438-BBB0BA22C526}.Release|Any CPU.ActiveCfg = Release|Any CPU
		{98D7D50A-0009-47B0-A438-BBB0BA22C526}.Release|Any CPU.Build.0 = Release|Any CPU
		{9C0EECD9-32E1-4E2A-A26B-C2EBA37254FE}.Debug|Any CPU.ActiveCfg = Debug|Any CPU
		{9C0EECD9-32E1-4E2A-A26B-C2EBA37254FE}.Debug|Any CPU.Build.0 = Debug|Any CPU
		{9C0EECD9-32E1-4E2A-A26B-C2EBA37254FE}.Release|Any CPU.ActiveCfg = Release|Any CPU
		{9C0EECD9-32E1-4E2A-A26B-C2EBA37254FE}.Release|Any CPU.Build.0 = Release|Any CPU
		{7BE99A19-23F1-43F0-8286-3A1C5FCC9E4D}.Debug|Any CPU.ActiveCfg = Debug|Any CPU
		{7BE99A19-23F1-43F0-8286-3A1C5FCC9E4D}.Debug|Any CPU.Build.0 = Debug|Any CPU
		{7BE99A19-23F1-43F0-8286-3A1C5FCC9E4D}.Release|Any CPU.ActiveCfg = Release|Any CPU
		{7BE99A19-23F1-43F0-8286-3A1C5FCC9E4D}.Release|Any CPU.Build.0 = Release|Any CPU
	EndGlobalSection
	GlobalSection(SolutionProperties) = preSolution
		HideSolutionNode = FALSE
	EndGlobalSection
	GlobalSection(ExtensibilityGlobals) = postSolution
		SolutionGuid = {F4A5F350-3202-4D08-8012-3DFC4857E147}
	EndGlobalSection
EndGlobal
